
Microsoft Visual Studio Solution File, Format Version 12.00
# Visual Studio 15
VisualStudioVersion = 15.0.28307.271
MinimumVisualStudioVersion = 10.0.40219.1
Project("{FAE04EC0-301F-11D3-BF4B-00C04F79EFBC}") = "test", "test\test.csproj", "{210820FB-ABC6-447A-8E01-26534C4F90C4}"
EndProject
Project("{FAE04EC0-301F-11D3-BF4B-00C04F79EFBC}") = "DySdk", "DySdk\DySdk.csproj", "{4E3A9197-1BF1-484B-B80C-33B6B350B527}"
EndProject
Project("{FAE04EC0-301F-11D3-BF4B-00C04F79EFBC}") = "DouYuRecorder", "DouYuRecorder\DouYuRecorder.csproj", "{DC1B49BE-F0BA-4F6D-9794-A0A6F236EDF7}"
EndProject
Project("{FAE04EC0-301F-11D3-BF4B-00C04F79EFBC}") = "JsEngineChakra", "JsEngineChakra\JsEngineChakra.csproj", "{040377FA-FC10-46AA-82D2-884A013B0265}"
EndProject
Global
	GlobalSection(SolutionConfigurationPlatforms) = preSolution
		Debug|Any CPU = Debug|Any CPU
		Release|Any CPU = Release|Any CPU
	EndGlobalSection
	GlobalSection(ProjectConfigurationPlatforms) = postSolution
		{210820FB-ABC6-447A-8E01-26534C4F90C4}.Debug|Any CPU.ActiveCfg = Debug|Any CPU
		{210820FB-ABC6-447A-8E01-26534C4F90C4}.Debug|Any CPU.Build.0 = Debug|Any CPU
		{210820FB-ABC6-447A-8E01-26534C4F90C4}.Release|Any CPU.ActiveCfg = Release|Any CPU
		{210820FB-ABC6-447A-8E01-26534C4F90C4}.Release|Any CPU.Build.0 = Release|Any CPU
		{4E3A9197-1BF1-484B-B80C-33B6B350B527}.Debug|Any CPU.ActiveCfg = Debug|Any CPU
		{4E3A9197-1BF1-484B-B80C-33B6B350B527}.Debug|Any CPU.Build.0 = Debug|Any CPU
		{4E3A9197-1BF1-484B-B80C-33B6B350B527}.Release|Any CPU.ActiveCfg = Release|Any CPU
		{4E3A9197-1BF1-484B-B80C-33B6B350B527}.Release|Any CPU.Build.0 = Release|Any CPU
		{DC1B49BE-F0BA-4F6D-9794-A0A6F236EDF7}.Debug|Any CPU.ActiveCfg = Debug|Any CPU
		{DC1B49BE-F0BA-4F6D-9794-A0A6F236EDF7}.Debug|Any CPU.Build.0 = Debug|Any CPU
		{DC1B49BE-F0BA-4F6D-9794-A0A6F236EDF7}.Release|Any CPU.ActiveCfg = Release|Any CPU
		{DC1B49BE-F0BA-4F6D-9794-A0A6F236EDF7}.Release|Any CPU.Build.0 = Release|Any CPU
		{040377FA-FC10-46AA-82D2-884A013B0265}.Debug|Any CPU.ActiveCfg = Debug|Any CPU
		{040377FA-FC10-46AA-82D2-884A013B0265}.Debug|Any CPU.Build.0 = Debug|Any CPU
		{040377FA-FC10-46AA-82D2-884A013B0265}.Release|Any CPU.ActiveCfg = Release|Any CPU
		{040377FA-FC10-46AA-82D2-884A013B0265}.Release|Any CPU.Build.0 = Release|Any CPU
	EndGlobalSection
	GlobalSection(SolutionProperties) = preSolution
		HideSolutionNode = FALSE
	EndGlobalSection
	GlobalSection(ExtensibilityGlobals) = postSolution
		SolutionGuid = {392807F0-5042-4D8D-808D-ACF3424B1E56}
	EndGlobalSection
EndGlobal
